
Microsoft Visual Studio Solution File, Format Version 12.00
# 17
VisualStudioVersion = 17.12.35309.182
MinimumVisualStudioVersion = 10.0.40219.1
Project("{FAE04EC0-301F-11D3-BF4B-00C04F79EFBC}") = "01_MainSubjects", "01_MainSubjects\01_MainSubjects.csproj", "{A4130548-12A2-49F7-8709-C36171C2AEF9}"
EndProject
Project("{FAE04EC0-301F-11D3-BF4B-00C04F79EFBC}") = "02_Variables", "02_Variables\02_Variables.csproj", "{38A76472-EC51-4F4E-BA65-C44B4D48A93C}"
EndProject
Project("{FAE04EC0-301F-11D3-BF4B-00C04F79EFBC}") = "03_MakingDecision", "03_MakingDecision\03_MakingDecision.csproj", "{96405BB5-E189-43F6-BDA3-77A076E80DE6}"
EndProject
Project("{FAE04EC0-301F-11D3-BF4B-00C04F79EFBC}") = "04_Loops", "04_Loops\04_Loops.csproj", "{82C2482B-A6B6-4665-8AA5-4C7EE52E8436}"
EndProject
Project("{FAE04EC0-301F-11D3-BF4B-00C04F79EFBC}") = "05_LoopsWithStart", "05_LoopsWithStart\05_LoopsWithStart.csproj", "{00917374-7073-4758-BB30-29DD8FEA2E7F}"
EndProject
Project("{FAE04EC0-301F-11D3-BF4B-00C04F79EFBC}") = "06_Arrays", "06_Arrays\06_Arrays.csproj", "{FAFC78DF-DD7C-4DE8-BEBF-D15B4B08577E}"
EndProject
Project("{FAE04EC0-301F-11D3-BF4B-00C04F79EFBC}") = "07_ForeachLoop", "07_ForeachLoop\07_ForeachLoop.csproj", "{F2A4EAF3-4042-464F-949F-D1C426C4154A}"
EndProject
Global
	GlobalSection(SolutionConfigurationPlatforms) = preSolution
		Debug|Any CPU = Debug|Any CPU
		Release|Any CPU = Release|Any CPU
	EndGlobalSection
	GlobalSection(ProjectConfigurationPlatforms) = postSolution
		{A4130548-12A2-49F7-8709-C36171C2AEF9}.Debug|Any CPU.ActiveCfg = Debug|Any CPU
		{A4130548-12A2-49F7-8709-C36171C2AEF9}.Debug|Any CPU.Build.0 = Debug|Any CPU
		{A4130548-12A2-49F7-8709-C36171C2AEF9}.Release|Any CPU.ActiveCfg = Release|Any CPU
		{A4130548-12A2-49F7-8709-C36171C2AEF9}.Release|Any CPU.Build.0 = Release|Any CPU
		{38A76472-EC51-4F4E-BA65-C44B4D48A93C}.Debug|Any CPU.ActiveCfg = Debug|Any CPU
		{38A76472-EC51-4F4E-BA65-C44B4D48A93C}.Debug|Any CPU.Build.0 = Debug|Any CPU
		{38A76472-EC51-4F4E-BA65-C44B4D48A93C}.Release|Any CPU.ActiveCfg = Release|Any CPU
		{38A76472-EC51-4F4E-BA65-C44B4D48A93C}.Release|Any CPU.Build.0 = Release|Any CPU
		{96405BB5-E189-43F6-BDA3-77A076E80DE6}.Debug|Any CPU.ActiveCfg = Debug|Any CPU
		{96405BB5-E189-43F6-BDA3-77A076E80DE6}.Debug|Any CPU.Build.0 = Debug|Any CPU
		{96405BB5-E189-43F6-BDA3-77A076E80DE6}.Release|Any CPU.ActiveCfg = Release|Any CPU
		{96405BB5-E189-43F6-BDA3-77A076E80DE6}.Release|Any CPU.Build.0 = Release|Any CPU
		{82C2482B-A6B6-4665-8AA5-4C7EE52E8436}.Debug|Any CPU.ActiveCfg = Debug|Any CPU
		{82C2482B-A6B6-4665-8AA5-4C7EE52E8436}.Debug|Any CPU.Build.0 = Debug|Any CPU
		{82C2482B-A6B6-4665-8AA5-4C7EE52E8436}.Release|Any CPU.ActiveCfg = Release|Any CPU
		{82C2482B-A6B6-4665-8AA5-4C7EE52E8436}.Release|Any CPU.Build.0 = Release|Any CPU
		{00917374-7073-4758-BB30-29DD8FEA2E7F}.Debug|Any CPU.ActiveCfg = Debug|Any CPU
		{00917374-7073-4758-BB30-29DD8FEA2E7F}.Debug|Any CPU.Build.0 = Debug|Any CPU
		{00917374-7073-4758-BB30-29DD8FEA2E7F}.Release|Any CPU.ActiveCfg = Release|Any CPU
		{00917374-7073-4758-BB30-29DD8FEA2E7F}.Release|Any CPU.Build.0 = Release|Any CPU
		{FAFC78DF-DD7C-4DE8-BEBF-D15B4B08577E}.Debug|Any CPU.ActiveCfg = Debug|Any CPU
		{FAFC78DF-DD7C-4DE8-BEBF-D15B4B08577E}.Debug|Any CPU.Build.0 = Debug|Any CPU
		{FAFC78DF-DD7C-4DE8-BEBF-D15B4B08577E}.Release|Any CPU.ActiveCfg = Release|Any CPU
		{FAFC78DF-DD7C-4DE8-BEBF-D15B4B08577E}.Release|Any CPU.Build.0 = Release|Any CPU
		{F2A4EAF3-4042-464F-949F-D1C426C4154A}.Debug|Any CPU.ActiveCfg = Debug|Any CPU
		{F2A4EAF3-4042-464F-949F-D1C426C4154A}.Debug|Any CPU.Build.0 = Debug|Any CPU
		{F2A4EAF3-4042-464F-949F-D1C426C4154A}.Release|Any CPU.ActiveCfg = Release|Any CPU
		{F2A4EAF3-4042-464F-949F-D1C426C4154A}.Release|Any CPU.Build.0 = Release|Any CPU
	EndGlobalSection
	GlobalSection(SolutionProperties) = preSolution
		HideSolutionNode = FALSE
	EndGlobalSection
	GlobalSection(ExtensibilityGlobals) = postSolution
		SolutionGuid = {FCEE2F2E-A1F9-4BC4-A264-D8DE6A76DDC1}
	EndGlobalSection
EndGlobal
